
Microsoft Visual Studio Solution File, Format Version 12.00
# Visual Studio 15
VisualStudioVersion = 15.0.28010.2026
MinimumVisualStudioVersion = 10.0.40219.1
Project("{FAE04EC0-301F-11D3-BF4B-00C04F79EFBC}") = "Configuration", "Configuration\Configuration.csproj", "{536CC7E0-99AB-4920-BEA3-78BF02F1B572}"
EndProject
Global
	GlobalSection(SolutionConfigurationPlatforms) = preSolution
		Debug|Any CPU = Debug|Any CPU
		Release|Any CPU = Release|Any CPU
	EndGlobalSection
	GlobalSection(ProjectConfigurationPlatforms) = postSolution
		{536CC7E0-99AB-4920-BEA3-78BF02F1B572}.Debug|Any CPU.ActiveCfg = Debug|Any CPU
		{536CC7E0-99AB-4920-BEA3-78BF02F1B572}.Debug|Any CPU.Build.0 = Debug|Any CPU
		{536CC7E0-99AB-4920-BEA3-78BF02F1B572}.Release|Any CPU.ActiveCfg = Release|Any CPU
		{536CC7E0-99AB-4920-BEA3-78BF02F1B572}.Release|Any CPU.Build.0 = Release|Any CPU
	EndGlobalSection
	GlobalSection(SolutionProperties) = preSolution
		HideSolutionNode = FALSE
	EndGlobalSection
	GlobalSection(ExtensibilityGlobals) = postSolution
		SolutionGuid = {5B297503-4C64-4B46-8529-8BE515056206}
	EndGlobalSection
EndGlobal
