
using System;
using System.Collections.Generic;
using System.Linq;
using System.Text;
using System.Threading.Tasks;
using System.Globalization;
namespace lab2_3
{
    class Program
    {
        static void Main(string[] args)
        {
            for (int i = 1; i < 13; i++)
            {
                string month =  Convert.ToDateTime("01."+i+".2010").ToString("MMMMMMM", CultureInfo.GetCultureInfo("fr-FR"));
                Console.WriteLine(month);
            }
            Console.ReadKey();
        }
    }
}
