
Microsoft Visual Studio Solution File, Format Version 12.00
# Visual Studio 15
VisualStudioVersion = 15.0.28010.2026
MinimumVisualStudioVersion = 10.0.40219.1
Project("{FAE04EC0-301F-11D3-BF4B-00C04F79EFBC}") = "lab7", "lab7\lab7.csproj", "{B4235A9E-FC3F-46F7-9A05-11FA28961AF5}"
EndProject
Global
	GlobalSection(SolutionConfigurationPlatforms) = preSolution
		Debug|Any CPU = Debug|Any CPU
		Release|Any CPU = Release|Any CPU
	EndGlobalSection
	GlobalSection(ProjectConfigurationPlatforms) = postSolution
		{B4235A9E-FC3F-46F7-9A05-11FA28961AF5}.Debug|Any CPU.ActiveCfg = Debug|Any CPU
		{B4235A9E-FC3F-46F7-9A05-11FA28961AF5}.Debug|Any CPU.Build.0 = Debug|Any CPU
		{B4235A9E-FC3F-46F7-9A05-11FA28961AF5}.Release|Any CPU.ActiveCfg = Release|Any CPU
		{B4235A9E-FC3F-46F7-9A05-11FA28961AF5}.Release|Any CPU.Build.0 = Release|Any CPU
	EndGlobalSection
	GlobalSection(SolutionProperties) = preSolution
		HideSolutionNode = FALSE
	EndGlobalSection
	GlobalSection(ExtensibilityGlobals) = postSolution
		SolutionGuid = {BCF77549-A9F0-40BD-B7D1-DF2099C921C3}
	EndGlobalSection
EndGlobal
